
Microsoft Visual Studio Solution File, Format Version 12.00
# Visual Studio 15
VisualStudioVersion = 15.0.28307.1972
MinimumVisualStudioVersion = 10.0.40219.1
Project("{FAE04EC0-301F-11D3-BF4B-00C04F79EFBC}") = "LV", "LV\LV.csproj", "{754721D2-865D-4B34-AAE3-4FF499D7216A}"
EndProject
Project("{FAE04EC0-301F-11D3-BF4B-00C04F79EFBC}") = "LV.Tests", "LV.Tests\LV.Tests.csproj", "{C2F2695D-E305-4E7D-B038-BD274C11F716}"
EndProject
Global
	GlobalSection(SolutionConfigurationPlatforms) = preSolution
		Debug|Any CPU = Debug|Any CPU
		Release|Any CPU = Release|Any CPU
	EndGlobalSection
	GlobalSection(ProjectConfigurationPlatforms) = postSolution
		{754721D2-865D-4B34-AAE3-4FF499D7216A}.Debug|Any CPU.ActiveCfg = Debug|Any CPU
		{754721D2-865D-4B34-AAE3-4FF499D7216A}.Debug|Any CPU.Build.0 = Debug|Any CPU
		{754721D2-865D-4B34-AAE3-4FF499D7216A}.Release|Any CPU.ActiveCfg = Release|Any CPU
		{754721D2-865D-4B34-AAE3-4FF499D7216A}.Release|Any CPU.Build.0 = Release|Any CPU
		{C2F2695D-E305-4E7D-B038-BD274C11F716}.Debug|Any CPU.ActiveCfg = Debug|Any CPU
		{C2F2695D-E305-4E7D-B038-BD274C11F716}.Debug|Any CPU.Build.0 = Debug|Any CPU
		{C2F2695D-E305-4E7D-B038-BD274C11F716}.Release|Any CPU.ActiveCfg = Release|Any CPU
		{C2F2695D-E305-4E7D-B038-BD274C11F716}.Release|Any CPU.Build.0 = Release|Any CPU
	EndGlobalSection
	GlobalSection(SolutionProperties) = preSolution
		HideSolutionNode = FALSE
	EndGlobalSection
	GlobalSection(ExtensibilityGlobals) = postSolution
		SolutionGuid = {4891D87A-1151-4DE2-AA56-46199FE83866}
	EndGlobalSection
EndGlobal
